
Microsoft Visual Studio Solution File, Format Version 12.00
# Visual Studio Version 16
VisualStudioVersion = 16.0.29519.181
MinimumVisualStudioVersion = 10.0.40219.1
Project("{8BC9CEB8-8B4A-11D0-8D11-00A0C91BC942}") = "Строки самое длинное слово", "Строки самое длинное слово\Строки самое длинное слово.vcxproj", "{255F0E13-D3B1-4094-B6C0-3C58F3B423E6}"
EndProject
Global
	GlobalSection(SolutionConfigurationPlatforms) = preSolution
		Debug|x64 = Debug|x64
		Debug|x86 = Debug|x86
		Release|x64 = Release|x64
		Release|x86 = Release|x86
	EndGlobalSection
	GlobalSection(ProjectConfigurationPlatforms) = postSolution
		{255F0E13-D3B1-4094-B6C0-3C58F3B423E6}.Debug|x64.ActiveCfg = Debug|x64
		{255F0E13-D3B1-4094-B6C0-3C58F3B423E6}.Debug|x64.Build.0 = Debug|x64
		{255F0E13-D3B1-4094-B6C0-3C58F3B423E6}.Debug|x86.ActiveCfg = Debug|Win32
		{255F0E13-D3B1-4094-B6C0-3C58F3B423E6}.Debug|x86.Build.0 = Debug|Win32
		{255F0E13-D3B1-4094-B6C0-3C58F3B423E6}.Release|x64.ActiveCfg = Release|x64
		{255F0E13-D3B1-4094-B6C0-3C58F3B423E6}.Release|x64.Build.0 = Release|x64
		{255F0E13-D3B1-4094-B6C0-3C58F3B423E6}.Release|x86.ActiveCfg = Release|Win32
		{255F0E13-D3B1-4094-B6C0-3C58F3B423E6}.Release|x86.Build.0 = Release|Win32
	EndGlobalSection
	GlobalSection(SolutionProperties) = preSolution
		HideSolutionNode = FALSE
	EndGlobalSection
	GlobalSection(ExtensibilityGlobals) = postSolution
		SolutionGuid = {2EBA429D-3B07-457B-919F-82AA4DC24986}
	EndGlobalSection
EndGlobal
