
Microsoft Visual Studio Solution File, Format Version 12.00
# Visual Studio Version 16
VisualStudioVersion = 16.0.29519.181
MinimumVisualStudioVersion = 10.0.40219.1
Project("{8BC9CEB8-8B4A-11D0-8D11-00A0C91BC942}") = "Рекурсия сумма от нуля до заданного числа", "Рекурсия сумма от нуля до заданного числа\Рекурсия сумма от нуля до заданного числа.vcxproj", "{41BF6875-28A9-4002-8E6D-66315357F31E}"
EndProject
Global
	GlobalSection(SolutionConfigurationPlatforms) = preSolution
		Debug|x64 = Debug|x64
		Debug|x86 = Debug|x86
		Release|x64 = Release|x64
		Release|x86 = Release|x86
	EndGlobalSection
	GlobalSection(ProjectConfigurationPlatforms) = postSolution
		{41BF6875-28A9-4002-8E6D-66315357F31E}.Debug|x64.ActiveCfg = Debug|x64
		{41BF6875-28A9-4002-8E6D-66315357F31E}.Debug|x64.Build.0 = Debug|x64
		{41BF6875-28A9-4002-8E6D-66315357F31E}.Debug|x86.ActiveCfg = Debug|Win32
		{41BF6875-28A9-4002-8E6D-66315357F31E}.Debug|x86.Build.0 = Debug|Win32
		{41BF6875-28A9-4002-8E6D-66315357F31E}.Release|x64.ActiveCfg = Release|x64
		{41BF6875-28A9-4002-8E6D-66315357F31E}.Release|x64.Build.0 = Release|x64
		{41BF6875-28A9-4002-8E6D-66315357F31E}.Release|x86.ActiveCfg = Release|Win32
		{41BF6875-28A9-4002-8E6D-66315357F31E}.Release|x86.Build.0 = Release|Win32
	EndGlobalSection
	GlobalSection(SolutionProperties) = preSolution
		HideSolutionNode = FALSE
	EndGlobalSection
	GlobalSection(ExtensibilityGlobals) = postSolution
		SolutionGuid = {07C77CC6-8541-4104-8941-6D48E3DCA708}
	EndGlobalSection
EndGlobal
